
Microsoft Visual Studio Solution File, Format Version 12.00
# Visual Studio Version 16
VisualStudioVersion = 16.0.30711.63
MinimumVisualStudioVersion = 10.0.40219.1
Project("{FAE04EC0-301F-11D3-BF4B-00C04F79EFBC}") = "Doanltweb", "Doanltweb.csproj", "{EB0D204C-CD0B-4879-BAD9-4F3EA6AA0738}"
EndProject
Global
	GlobalSection(SolutionConfigurationPlatforms) = preSolution
		Debug|Any CPU = Debug|Any CPU
		Release|Any CPU = Release|Any CPU
	EndGlobalSection
	GlobalSection(ProjectConfigurationPlatforms) = postSolution
		{EB0D204C-CD0B-4879-BAD9-4F3EA6AA0738}.Debug|Any CPU.ActiveCfg = Debug|Any CPU
		{EB0D204C-CD0B-4879-BAD9-4F3EA6AA0738}.Debug|Any CPU.Build.0 = Debug|Any CPU
		{EB0D204C-CD0B-4879-BAD9-4F3EA6AA0738}.Release|Any CPU.ActiveCfg = Release|Any CPU
		{EB0D204C-CD0B-4879-BAD9-4F3EA6AA0738}.Release|Any CPU.Build.0 = Release|Any CPU
	EndGlobalSection
	GlobalSection(SolutionProperties) = preSolution
		HideSolutionNode = FALSE
	EndGlobalSection
	GlobalSection(ExtensibilityGlobals) = postSolution
		SolutionGuid = {8BA9595F-33D5-4FD3-B8EB-0B0CDDD0BCE0}
	EndGlobalSection
EndGlobal
